
Microsoft Visual Studio Solution File, Format Version 12.00
# Visual Studio Version 17
VisualStudioVersion = 17.4.33020.496
MinimumVisualStudioVersion = 10.0.40219.1
Project("{FAE04EC0-301F-11D3-BF4B-00C04F79EFBC}") = "DoanQLKS", "DoanQLKS\DoanQLKS.csproj", "{5A688FC3-B9D3-4018-8018-B480B14A616F}"
EndProject
Global
	GlobalSection(SolutionConfigurationPlatforms) = preSolution
		Debug|Any CPU = Debug|Any CPU
		Release|Any CPU = Release|Any CPU
	EndGlobalSection
	GlobalSection(ProjectConfigurationPlatforms) = postSolution
		{5A688FC3-B9D3-4018-8018-B480B14A616F}.Debug|Any CPU.ActiveCfg = Debug|Any CPU
		{5A688FC3-B9D3-4018-8018-B480B14A616F}.Debug|Any CPU.Build.0 = Debug|Any CPU
		{5A688FC3-B9D3-4018-8018-B480B14A616F}.Release|Any CPU.ActiveCfg = Release|Any CPU
		{5A688FC3-B9D3-4018-8018-B480B14A616F}.Release|Any CPU.Build.0 = Release|Any CPU
	EndGlobalSection
	GlobalSection(SolutionProperties) = preSolution
		HideSolutionNode = FALSE
	EndGlobalSection
	GlobalSection(ExtensibilityGlobals) = postSolution
		SolutionGuid = {565CB1E3-8FA6-4EAA-9044-67A4309CDA04}
	EndGlobalSection
EndGlobal
